// !$*UTF8*$!
{
	archiveVersion = 1;
	classes = {
	};
	objectVersion = 46;
	objects = {

/* Begin PBXBuildFile section */
		053EBB0E1C26763500E3034A /* AppDelegate.swift in Sources */ = {isa = PBXBuildFile; fileRef = 053EBB0D1C26763500E3034A /* AppDelegate.swift */; };
		053EBB101C26763500E3034A /* ViewController.swift in Sources */ = {isa = PBXBuildFile; fileRef = 053EBB0F1C26763500E3034A /* ViewController.swift */; };
		053EBB131C26763500E3034A /* Main.storyboard in Resources */ = {isa = PBXBuildFile; fileRef = 053EBB111C26763500E3034A /* Main.storyboard */; };
		053EBB151C26763500E3034A /* Assets.xcassets in Resources */ = {isa = PBXBuildFile; fileRef = 053EBB141C26763500E3034A /* Assets.xcassets */; };
		053EBB181C26763500E3034A /* LaunchScreen.storyboard in Resources */ = {isa = PBXBuildFile; fileRef = 053EBB161C26763500E3034A /* LaunchScreen.storyboard */; };
/* End PBXBuildFile section */

/* Begin PBXFileReference section */
		053EBB0A1C26763500E3034A /* 4Reglas.app */ = {isa = PBXFileReference; explicitFileType = wrapper.application; includeInIndex = 0; path = 4Reglas.app; sourceTree = BUILT_PRODUCTS_DIR; };
		053EBB0D1C26763500E3034A /* AppDelegate.swift */ = {isa = PBXFileReference; lastKnownFileType = sourcecode.swift; path = AppDelegate.swift; sourceTree = "<group>"; };
		053EBB0F1C26763500E3034A /* ViewController.swift */ = {isa = PBXFileReference; lastKnownFileType = sourcecode.swift; path = ViewController.swift; sourceTree = "<group>"; };
		053EBB121C26763500E3034A /* Base */ = {isa = PBXFileReference; lastKnownFileType = file.storyboard; name = Base; path = Base.lproj/Main.storyboard; sourceTree = "<group>"; };
		053EBB141C26763500E3034A /* Assets.xcassets */ = {isa = PBXFileReference; lastKnownFileType = folder.assetcatalog; path = Assets.xcassets; sourceTree = "<group>"; };
		053EBB171C26763500E3034A /* Base */ = {isa = PBXFileReference; lastKnownFileType = file.storyboard; name = Base; path = Base.lproj/LaunchScreen.storyboard; sourceTree = "<group>"; };
		053EBB191C26763500E3034A /* Info.plist */ = {isa = PBXFileReference; lastKnownFileType = text.plist.xml; path = Info.plist; sourceTree = "<group>"; };
/* End PBXFileReference section */

/* Begin PBXFrameworksBuildPhase section */
		053EBB071C26763500E3034A /* Frameworks */ = {
			isa = PBXFrameworksBuildPhase;
			buildActionMask = 2147483647;
			files = (
			);
			runOnlyForDeploymentPostprocessing = 0;
		};
/* End PBXFrameworksBuildPhase section */

/* Begin PBXGroup section */
		053EBB011C26763500E3034A = {
			isa = PBXGroup;
			children = (
				053EBB0C1C26763500E3034A /* 4Reglas */,
				053EBB0B1C26763500E3034A /* Products */,
			);
			sourceTree = "<group>";
		};
		053EBB0B1C26763500E3034A /* Products */ = {
			isa = PBXGroup;
			children = (
				053EBB0A1C26763500E3034A /* 4Reglas.app */,
			);
			name = Products;
			sourceTree = "<group>";
		};
		053EBB0C1C26763500E3034A /* 4Reglas */ = {
			isa = PBXGroup;
			children = (
				053EBB0D1C26763500E3034A /* AppDelegate.swift */,
				053EBB0F1C26763500E3034A /* ViewController.swift */,
				053EBB111C26763500E3034A /* Main.storyboard */,
				053EBB141C26763500E3034A /* Assets.xcassets */,
				053EBB161C26763500E3034A /* LaunchScreen.storyboard */,
				053EBB191C26763500E3034A /* Info.plist */,
			);
			path = 4Reglas;
			sourceTree = "<group>";
		};
/* End PBXGroup section */

/* Begin PBXNativeTarget section */
		053EBB091C26763500E3034A /* 4Reglas */ = {
			isa = PBXNativeTarget;
			buildConfigurationList = 053EBB1C1C26763500E3034A /* Build configuration list for PBXNativeTarget "4Reglas" */;
			buildPhases = (
				053EBB061C26763500E3034A /* Sources */,
				053EBB071C26763500E3034A /* Frameworks */,
				053EBB081C26763500E3034A /* Resources */,
			);
			buildRules = (
			);
			dependencies = (
			);
			name = 4Reglas;
			productName = 4Reglas;
			productReference = 053EBB0A1C26763500E3034A /* 4Reglas.app */;
			productType = "com.apple.product-type.application";
		};
/* End PBXNativeTarget section */

/* Begin PBXProject section */
		053EBB021C26763500E3034A /* Project object */ = {
			isa = PBXProject;
			attributes = {
				LastSwiftUpdateCheck = 0720;
				LastUpgradeCheck = 0720;
				ORGANIZATIONNAME = adappsa;
				TargetAttributes = {
					053EBB091C26763500E3034A = {
						CreatedOnToolsVersion = 7.2;
					};
				};
			};
			buildConfigurationList = 053EBB051C26763500E3034A /* Build configuration list for PBXProject "4Reglas" */;
			compatibilityVersion = "Xcode 3.2";
			developmentRegion = English;
			hasScannedForEncodings = 0;
			knownRegions = (
				en,
				Base,
			);
			mainGroup = 053EBB011C26763500E3034A;
			productRefGroup = 053EBB0B1C26763500E3034A /* Products */;
			projectDirPath = "";
			projectRoot = "";
			targets = (
				053EBB091C26763500E3034A /* 4Reglas */,
			);
		};
/* End PBXProject section */

/* Begin PBXResourcesBuildPhase section */
		053EBB081C26763500E3034A /* Resources */ = {
			isa = PBXResourcesBuildPhase;
			buildActionMask = 2147483647;
			files = (
				053EBB181C26763500E3034A /* LaunchScreen.storyboard in Resources */,
				053EBB151C26763500E3034A /* Assets.xcassets in Resources */,
				053EBB131C26763500E3034A /* Main.storyboard in Resources */,
			);
			runOnlyForDeploymentPostprocessing = 0;
		};
/* End PBXResourcesBuildPhase section */

/* Begin PBXSourcesBuildPhase section */
		053EBB061C26763500E3034A /* Sources */ = {
			isa = PBXSourcesBuildPhase;
			buildActionMask = 2147483647;
			files = (
				053EBB101C26763500E3034A /* ViewController.swift in Sources */,
				053EBB0E1C26763500E3034A /* AppDelegate.swift in Sources */,
			);
			runOnlyForDeploymentPostprocessing = 0;
		};
/* End PBXSourcesBuildPhase section */

/* Begin PBXVariantGroup section */
		053EBB111C26763500E3034A /* Main.storyboard */ = {
			isa = PBXVariantGroup;
			children = (
				053EBB121C26763500E3034A /* Base */,
			);
			name = Main.storyboard;
			sourceTree = "<group>";
		};
		053EBB161C26763500E3034A /* LaunchScreen.storyboard */ = {
			isa = PBXVariantGroup;
			children = (
				053EBB171C26763500E3034A /* Base */,
			);
			name = LaunchScreen.storyboard;
			sourceTree = "<group>";
		};
/* End PBXVariantGroup section */

/* Begin XCBuildConfiguration section */
		053EBB1A1C26763500E3034A /* Debug */ = {
			isa = XCBuildConfiguration;
			buildSettings = {
				ALWAYS_SEARCH_USER_PATHS = NO;
				CLANG_CXX_LANGUAGE_STANDARD = "gnu++0x";
				CLANG_CXX_LIBRARY = "libc++";
				CLANG_ENABLE_MODULES = YES;
				CLANG_ENABLE_OBJC_ARC = YES;
				CLANG_WARN_BOOL_CONVERSION = YES;
				CLANG_WARN_CONSTANT_CONVERSION = YES;
				CLANG_WARN_DIRECT_OBJC_ISA_USAGE = YES_ERROR;
				CLANG_WARN_EMPTY_BODY = YES;
				CLANG_WARN_ENUM_CONVERSION = YES;
				CLANG_WARN_INT_CONVERSION = YES;
				CLANG_WARN_OBJC_ROOT_CLASS = YES_ERROR;
				CLANG_WARN_UNREACHABLE_CODE = YES;
				CLANG_WARN__DUPLICATE_METHOD_MATCH = YES;
				"CODE_SIGN_IDENTITY[sdk=iphoneos*]" = "iPhone Developer";
				COPY_PHASE_STRIP = NO;
				DEBUG_INFORMATION_FORMAT = dwarf;
				ENABLE_STRICT_OBJC_MSGSEND = YES;
				ENABLE_TESTABILITY = YES;
				GCC_C_LANGUAGE_STANDARD = gnu99;
				GCC_DYNAMIC_NO_PIC = NO;
				GCC_NO_COMMON_BLOCKS = YES;
				GCC_OPTIMIZATION_LEVEL = 0;
				GCC_PREPROCESSOR_DEFINITIONS = (
					"DEBUG=1",
					"$(inherited)",
				);
				GCC_WARN_64_TO_32_BIT_CONVERSION = YES;
				GCC_WARN_ABOUT_RETURN_TYPE = YES_ERROR;
				GCC_WARN_UNDECLARED_SELECTOR = YES;
				GCC_WARN_UNINITIALIZED_AUTOS = YES_AGGRESSIVE;
				GCC_WARN_UNUSED_FUNCTION = YES;
				GCC_WARN_UNUSED_VARIABLE = YES;
				IPHONEOS_DEPLOYMENT_TARGET = 9.2;
				MTL_ENABLE_DEBUG_INFO = YES;
				ONLY_ACTIVE_ARCH = YES;
				SDKROOT = iphoneos;
				SWIFT_OPTIMIZATION_LEVEL = "-Onone";
			};
			name = Debug;
		};
		053EBB1B1C26763500E3034A /* Release */ = {
			isa = XCBuildConfiguration;
			buildSettings = {
				ALWAYS_SEARCH_USER_PATHS = NO;
				CLANG_CXX_LANGUAGE_STANDARD = "gnu++0x";
				CLANG_CXX_LIBRARY = "libc++";
				CLANG_ENABLE_MODULES = YES;
				CLANG_ENABLE_OBJC_ARC = YES;
				CLANG_WARN_BOOL_CONVERSION = YES;
				CLANG_WARN_CONSTANT_CONVERSION = YES;
				CLANG_WARN_DIRECT_OBJC_ISA_USAGE = YES_ERROR;
				CLANG_WARN_EMPTY_BODY = YES;
				CLANG_WARN_ENUM_CONVERSION = YES;
				CLANG_WARN_INT_CONVERSION = YES;
				CLANG_WARN_OBJC_ROOT_CLASS = YES_ERROR;
				CLANG_WARN_UNREACHABLE_CODE = YES;
				CLANG_WARN__DUPLICATE_METHOD_MATCH = YES;
				"CODE_SIGN_IDENTITY[sdk=iphoneos*]" = "iPhone Developer";
				COPY_PHASE_STRIP = NO;
				DEBUG_INFORMATION_FORMAT = "dwarf-with-dsym";
				ENABLE_NS_ASSERTIONS = NO;
				ENABLE_STRICT_OBJC_MSGSEND = YES;
				GCC_C_LANGUAGE_STANDARD = gnu99;
				GCC_NO_COMMON_BLOCKS = YES;
				GCC_WARN_64_TO_32_BIT_CONVERSION = YES;
				GCC_WARN_ABOUT_RETURN_TYPE = YES_ERROR;
				GCC_WARN_UNDECLARED_SELECTOR = YES;
				GCC_WARN_UNINITIALIZED_AUTOS = YES_AGGRESSIVE;
				GCC_WARN_UNUSED_FUNCTION = YES;
				GCC_WARN_UNUSED_VARIABLE = YES;
				IPHONEOS_DEPLOYMENT_TARGET = 9.2;
				MTL_ENABLE_DEBUG_INFO = NO;
				SDKROOT = iphoneos;
				VALIDATE_PRODUCT = YES;
			};
			name = Release;
		};
		053EBB1D1C26763500E3034A /* Debug */ = {
			isa = XCBuildConfiguration;
			buildSettings = {
				ASSETCATALOG_COMPILER_APPICON_NAME = AppIcon;
				INFOPLIST_FILE = 4Reglas/Info.plist;
				LD_RUNPATH_SEARCH_PATHS = "$(inherited) @executable_path/Frameworks";
				PRODUCT_BUNDLE_IDENTIFIER = "com.adappsa.-Reglas";
				PRODUCT_NAME = "$(TARGET_NAME)";
			};
			name = Debug;
		};
		053EBB1E1C26763500E3034A /* Release */ = {
			isa = XCBuildConfiguration;
			buildSettings = {
				ASSETCATALOG_COMPILER_APPICON_NAME = AppIcon;
				INFOPLIST_FILE = 4Reglas/Info.plist;
				LD_RUNPATH_SEARCH_PATHS = "$(inherited) @executable_path/Frameworks";
				PRODUCT_BUNDLE_IDENTIFIER = "com.adappsa.-Reglas";
				PRODUCT_NAME = "$(TARGET_NAME)";
			};
			name = Release;
		};
/* End XCBuildConfiguration section */

/* Begin XCConfigurationList section */
		053EBB051C26763500E3034A /* Build configuration list for PBXProject "4Reglas" */ = {
			isa = XCConfigurationList;
			buildConfigurations = (
				053EBB1A1C26763500E3034A /* Debug */,
				053EBB1B1C26763500E3034A /* Release */,
			);
			defaultConfigurationIsVisible = 0;
			defaultConfigurationName = Release;
		};
		053EBB1C1C26763500E3034A /* Build configuration list for PBXNativeTarget "4Reglas" */ = {
			isa = XCConfigurationList;
			buildConfigurations = (
				053EBB1D1C26763500E3034A /* Debug */,
				053EBB1E1C26763500E3034A /* Release */,
			);
			defaultConfigurationIsVisible = 0;
		};
/* End XCConfigurationList section */
	};
	rootObject = 053EBB021C26763500E3034A /* Project object */;
}
